
Microsoft Visual Studio Solution File, Format Version 12.00
# Visual Studio Version 17
VisualStudioVersion = 17.9.34723.18
MinimumVisualStudioVersion = 10.0.40219.1
Project("{FAE04EC0-301F-11D3-BF4B-00C04F79EFBC}") = "AtticaAPI", "AtticaAPI\AtticaAPI.csproj", "{987551AC-EF33-4C34-9D23-D5539AF6BB59}"
EndProject
Global
	GlobalSection(SolutionConfigurationPlatforms) = preSolution
		Debug|Any CPU = Debug|Any CPU
		Release|Any CPU = Release|Any CPU
	EndGlobalSection
	GlobalSection(ProjectConfigurationPlatforms) = postSolution
		{987551AC-EF33-4C34-9D23-D5539AF6BB59}.Debug|Any CPU.ActiveCfg = Debug|Any CPU
		{987551AC-EF33-4C34-9D23-D5539AF6BB59}.Debug|Any CPU.Build.0 = Debug|Any CPU
		{987551AC-EF33-4C34-9D23-D5539AF6BB59}.Release|Any CPU.ActiveCfg = Release|Any CPU
		{987551AC-EF33-4C34-9D23-D5539AF6BB59}.Release|Any CPU.Build.0 = Release|Any CPU
	EndGlobalSection
	GlobalSection(SolutionProperties) = preSolution
		HideSolutionNode = FALSE
	EndGlobalSection
	GlobalSection(ExtensibilityGlobals) = postSolution
		SolutionGuid = {D26C0AF1-7144-4F26-BB7B-7F4876AA504E}
	EndGlobalSection
EndGlobal
